
Microsoft Visual Studio Solution File, Format Version 12.00
# Visual Studio Version 17
VisualStudioVersion = 17.13.35919.96 d17.13
MinimumVisualStudioVersion = 10.0.40219.1
Project("{FAE04EC0-301F-11D3-BF4B-00C04F79EFBC}") = "Monday", "Monday\Monday.csproj", "{AFD12874-9C19-49AD-84AA-EAF43AC82985}"
EndProject
Global
	GlobalSection(SolutionConfigurationPlatforms) = preSolution
		Debug|Any CPU = Debug|Any CPU
		Release|Any CPU = Release|Any CPU
	EndGlobalSection
	GlobalSection(ProjectConfigurationPlatforms) = postSolution
		{AFD12874-9C19-49AD-84AA-EAF43AC82985}.Debug|Any CPU.ActiveCfg = Debug|Any CPU
		{AFD12874-9C19-49AD-84AA-EAF43AC82985}.Debug|Any CPU.Build.0 = Debug|Any CPU
		{AFD12874-9C19-49AD-84AA-EAF43AC82985}.Release|Any CPU.ActiveCfg = Release|Any CPU
		{AFD12874-9C19-49AD-84AA-EAF43AC82985}.Release|Any CPU.Build.0 = Release|Any CPU
	EndGlobalSection
	GlobalSection(SolutionProperties) = preSolution
		HideSolutionNode = FALSE
	EndGlobalSection
	GlobalSection(ExtensibilityGlobals) = postSolution
		SolutionGuid = {9E5D83D3-2FC1-4E29-B156-BABFF8025A2C}
	EndGlobalSection
EndGlobal
