
Microsoft Visual Studio Solution File, Format Version 12.00
# Visual Studio Version 17
VisualStudioVersion = 17.13.35919.96 d17.13
MinimumVisualStudioVersion = 10.0.40219.1
Project("{FAE04EC0-301F-11D3-BF4B-00C04F79EFBC}") = "EnumarationsProject", "EnumarationsProject.csproj", "{149D4E73-E39B-4049-9E5E-1F8CDA88FC88}"
EndProject
Global
	GlobalSection(SolutionConfigurationPlatforms) = preSolution
		Debug|Any CPU = Debug|Any CPU
		Release|Any CPU = Release|Any CPU
	EndGlobalSection
	GlobalSection(ProjectConfigurationPlatforms) = postSolution
		{149D4E73-E39B-4049-9E5E-1F8CDA88FC88}.Debug|Any CPU.ActiveCfg = Debug|Any CPU
		{149D4E73-E39B-4049-9E5E-1F8CDA88FC88}.Debug|Any CPU.Build.0 = Debug|Any CPU
		{149D4E73-E39B-4049-9E5E-1F8CDA88FC88}.Release|Any CPU.ActiveCfg = Release|Any CPU
		{149D4E73-E39B-4049-9E5E-1F8CDA88FC88}.Release|Any CPU.Build.0 = Release|Any CPU
	EndGlobalSection
	GlobalSection(SolutionProperties) = preSolution
		HideSolutionNode = FALSE
	EndGlobalSection
	GlobalSection(ExtensibilityGlobals) = postSolution
		SolutionGuid = {20AA5176-97EE-49A8-A20E-1481D4CDCFAF}
	EndGlobalSection
EndGlobal
