
Microsoft Visual Studio Solution File, Format Version 12.00
# Visual Studio Version 17
VisualStudioVersion = 17.13.35919.96 d17.13
MinimumVisualStudioVersion = 10.0.40219.1
Project("{FAE04EC0-301F-11D3-BF4B-00C04F79EFBC}") = "GETSET", "GETSET.csproj", "{D9745C4F-C48E-46AC-96B3-D24A9230CA03}"
EndProject
Global
	GlobalSection(SolutionConfigurationPlatforms) = preSolution
		Debug|Any CPU = Debug|Any CPU
		Release|Any CPU = Release|Any CPU
	EndGlobalSection
	GlobalSection(ProjectConfigurationPlatforms) = postSolution
		{D9745C4F-C48E-46AC-96B3-D24A9230CA03}.Debug|Any CPU.ActiveCfg = Debug|Any CPU
		{D9745C4F-C48E-46AC-96B3-D24A9230CA03}.Debug|Any CPU.Build.0 = Debug|Any CPU
		{D9745C4F-C48E-46AC-96B3-D24A9230CA03}.Release|Any CPU.ActiveCfg = Release|Any CPU
		{D9745C4F-C48E-46AC-96B3-D24A9230CA03}.Release|Any CPU.Build.0 = Release|Any CPU
	EndGlobalSection
	GlobalSection(SolutionProperties) = preSolution
		HideSolutionNode = FALSE
	EndGlobalSection
	GlobalSection(ExtensibilityGlobals) = postSolution
		SolutionGuid = {6AC50757-C621-4949-99E3-07BF41DB4DE1}
	EndGlobalSection
EndGlobal
